
Microsoft Visual Studio Solution File, Format Version 12.00
# Visual Studio Version 17
VisualStudioVersion = 17.2.32526.322
MinimumVisualStudioVersion = 10.0.40219.1
Project("{9A19103F-16F7-4668-BE54-9A1E7A4F7556}") = "CardService", "SafeDevelopment1\CardService.csproj", "{3826D754-C8B6-44FC-9819-1DE88BA9C222}"
EndProject
Project("{9A19103F-16F7-4668-BE54-9A1E7A4F7556}") = "CardService.Data", "CardService.Data\CardService.Data.csproj", "{14F05580-450F-4727-A50C-D170DFBD7DDD}"
EndProject
Project("{2150E333-8FDC-42A3-9474-1A3956D46DE8}") = "Элементы решения", "Элементы решения", "{5F6EF6FB-CBB0-42C4-B42B-47F1B49FCCF7}"
	ProjectSection(SolutionItems) = preProject
		ef.read.txt = ef.read.txt
	EndProjectSection
EndProject
Project("{9A19103F-16F7-4668-BE54-9A1E7A4F7556}") = "JwtSample", "JwtSample\JwtSample.csproj", "{6FD84E6D-103A-426F-B2CF-B6BC575E36BF}"
EndProject
Project("{9A19103F-16F7-4668-BE54-9A1E7A4F7556}") = "Account.Helper", "Account.Helper\Account.Helper.csproj", "{A8CE8022-F905-4AB9-8A6C-1E12DF2674C1}"
EndProject
Project("{FAE04EC0-301F-11D3-BF4B-00C04F79EFBC}") = "Patterns", "Patterns\Patterns.csproj", "{06660DDF-FA76-44C5-98C1-8E4E2860DCEE}"
EndProject
Global
	GlobalSection(SolutionConfigurationPlatforms) = preSolution
		Debug|Any CPU = Debug|Any CPU
		Release|Any CPU = Release|Any CPU
	EndGlobalSection
	GlobalSection(ProjectConfigurationPlatforms) = postSolution
		{3826D754-C8B6-44FC-9819-1DE88BA9C222}.Debug|Any CPU.ActiveCfg = Debug|Any CPU
		{3826D754-C8B6-44FC-9819-1DE88BA9C222}.Debug|Any CPU.Build.0 = Debug|Any CPU
		{3826D754-C8B6-44FC-9819-1DE88BA9C222}.Release|Any CPU.ActiveCfg = Release|Any CPU
		{3826D754-C8B6-44FC-9819-1DE88BA9C222}.Release|Any CPU.Build.0 = Release|Any CPU
		{14F05580-450F-4727-A50C-D170DFBD7DDD}.Debug|Any CPU.ActiveCfg = Debug|Any CPU
		{14F05580-450F-4727-A50C-D170DFBD7DDD}.Debug|Any CPU.Build.0 = Debug|Any CPU
		{14F05580-450F-4727-A50C-D170DFBD7DDD}.Release|Any CPU.ActiveCfg = Release|Any CPU
		{14F05580-450F-4727-A50C-D170DFBD7DDD}.Release|Any CPU.Build.0 = Release|Any CPU
		{6FD84E6D-103A-426F-B2CF-B6BC575E36BF}.Debug|Any CPU.ActiveCfg = Debug|Any CPU
		{6FD84E6D-103A-426F-B2CF-B6BC575E36BF}.Debug|Any CPU.Build.0 = Debug|Any CPU
		{6FD84E6D-103A-426F-B2CF-B6BC575E36BF}.Release|Any CPU.ActiveCfg = Release|Any CPU
		{6FD84E6D-103A-426F-B2CF-B6BC575E36BF}.Release|Any CPU.Build.0 = Release|Any CPU
		{A8CE8022-F905-4AB9-8A6C-1E12DF2674C1}.Debug|Any CPU.ActiveCfg = Debug|Any CPU
		{A8CE8022-F905-4AB9-8A6C-1E12DF2674C1}.Debug|Any CPU.Build.0 = Debug|Any CPU
		{A8CE8022-F905-4AB9-8A6C-1E12DF2674C1}.Release|Any CPU.ActiveCfg = Release|Any CPU
		{A8CE8022-F905-4AB9-8A6C-1E12DF2674C1}.Release|Any CPU.Build.0 = Release|Any CPU
		{06660DDF-FA76-44C5-98C1-8E4E2860DCEE}.Debug|Any CPU.ActiveCfg = Debug|Any CPU
		{06660DDF-FA76-44C5-98C1-8E4E2860DCEE}.Debug|Any CPU.Build.0 = Debug|Any CPU
		{06660DDF-FA76-44C5-98C1-8E4E2860DCEE}.Release|Any CPU.ActiveCfg = Release|Any CPU
		{06660DDF-FA76-44C5-98C1-8E4E2860DCEE}.Release|Any CPU.Build.0 = Release|Any CPU
	EndGlobalSection
	GlobalSection(SolutionProperties) = preSolution
		HideSolutionNode = FALSE
	EndGlobalSection
	GlobalSection(ExtensibilityGlobals) = postSolution
		SolutionGuid = {D66A3BAA-AD01-4FC3-B8CF-68B4BC85489E}
	EndGlobalSection
EndGlobal
